
Microsoft Visual Studio Solution File, Format Version 12.00
# Visual Studio Version 16
VisualStudioVersion = 16.0.31410.357
MinimumVisualStudioVersion = 10.0.40219.1
Project("{FAE04EC0-301F-11D3-BF4B-00C04F79EFBC}") = "ToastNotification", "ToastNotification\ToastNotification.csproj", "{57BEC4AB-7332-4AAF-B93B-6F70D65F68E0}"
EndProject
Project("{FAE04EC0-301F-11D3-BF4B-00C04F79EFBC}") = "ToastNotification.Tests", "ToastNotification.Tests\ToastNotification.Tests.csproj", "{0AE9F728-391E-47C4-BAF6-E0997AF24CD1}"
EndProject
Project("{FAE04EC0-301F-11D3-BF4B-00C04F79EFBC}") = "ConsoleRunner", "ConsoleRunner\ConsoleRunner.csproj", "{091B3A99-612D-4DAD-A78E-69D622ED83B2}"
EndProject
Global
	GlobalSection(SolutionConfigurationPlatforms) = preSolution
		Debug|Any CPU = Debug|Any CPU
		Release|Any CPU = Release|Any CPU
	EndGlobalSection
	GlobalSection(ProjectConfigurationPlatforms) = postSolution
		{57BEC4AB-7332-4AAF-B93B-6F70D65F68E0}.Debug|Any CPU.ActiveCfg = Debug|Any CPU
		{57BEC4AB-7332-4AAF-B93B-6F70D65F68E0}.Debug|Any CPU.Build.0 = Debug|Any CPU
		{57BEC4AB-7332-4AAF-B93B-6F70D65F68E0}.Release|Any CPU.ActiveCfg = Release|Any CPU
		{57BEC4AB-7332-4AAF-B93B-6F70D65F68E0}.Release|Any CPU.Build.0 = Release|Any CPU
		{0AE9F728-391E-47C4-BAF6-E0997AF24CD1}.Debug|Any CPU.ActiveCfg = Debug|Any CPU
		{0AE9F728-391E-47C4-BAF6-E0997AF24CD1}.Debug|Any CPU.Build.0 = Debug|Any CPU
		{0AE9F728-391E-47C4-BAF6-E0997AF24CD1}.Release|Any CPU.ActiveCfg = Release|Any CPU
		{0AE9F728-391E-47C4-BAF6-E0997AF24CD1}.Release|Any CPU.Build.0 = Release|Any CPU
		{091B3A99-612D-4DAD-A78E-69D622ED83B2}.Debug|Any CPU.ActiveCfg = Debug|Any CPU
		{091B3A99-612D-4DAD-A78E-69D622ED83B2}.Debug|Any CPU.Build.0 = Debug|Any CPU
		{091B3A99-612D-4DAD-A78E-69D622ED83B2}.Release|Any CPU.ActiveCfg = Release|Any CPU
		{091B3A99-612D-4DAD-A78E-69D622ED83B2}.Release|Any CPU.Build.0 = Release|Any CPU
	EndGlobalSection
	GlobalSection(SolutionProperties) = preSolution
		HideSolutionNode = FALSE
	EndGlobalSection
	GlobalSection(ExtensibilityGlobals) = postSolution
		SolutionGuid = {B7EDE369-B05B-467A-AA69-FAB16A7BCE91}
	EndGlobalSection
EndGlobal
